{
  "projects": [
    {
      "projectId": "gmeH6XgPaBtkt51HunAo4g",
      "version": "18.11.0",
      "dependencies": {},
      "lang": "js",
      "fileLocks": [
        {
          "assetId": "gmeH6XgPaBtkt51HunAo4g",
          "type": "projectCss",
          "checksum": "1c02168c6b23256606111fdfdbb63549"
        }
      ],
      "codegenVersion": "0.0.1"
    },
    {
      "projectId": "kS7YGZfVr6mU43XDQjXELc",
      "version": "0.18.0",
      "dependencies": {},
      "lang": "js",
      "fileLocks": [
        {
          "assetId": "kS7YGZfVr6mU43XDQjXELc",
          "type": "projectCss",
          "checksum": "1c02168c6b23256606111fdfdbb63549"
        }
      ],
      "codegenVersion": "0.0.1"
    },
    {
      "projectId": "9Vr5YWkf3w7jj6SsTcCEta",
      "version": "0.13.0",
      "dependencies": {},
      "lang": "js",
      "fileLocks": [
        {
          "assetId": "9Vr5YWkf3w7jj6SsTcCEta",
          "type": "projectCss",
          "checksum": "1c02168c6b23256606111fdfdbb63549"
        }
      ],
      "codegenVersion": "0.0.1"
    },
    {
      "projectId": "jkU633o1Cz7HrJdwdxhVHk",
      "version": "16.13.0",
      "dependencies": {},
      "lang": "js",
      "fileLocks": [
        {
          "assetId": "jkU633o1Cz7HrJdwdxhVHk",
          "type": "projectCss",
          "checksum": "cf57d229ecea50678d9d8d3bc0e3dd9b"
        }
      ],
      "codegenVersion": "0.0.1"
    },
    {
      "projectId": "ohDidvG9XsCeFumugENU3J",
      "version": "6.28.0",
      "dependencies": {},
      "lang": "js",
      "fileLocks": [
        {
          "assetId": "ohDidvG9XsCeFumugENU3J",
          "type": "projectCss",
          "checksum": "ba2a60a163fca4f4d510275088a2be53"
        },
        {
          "assetId": "ohDidvG9XsCeFumugENU3J",
          "checksum": "de0a0e65174a6a185a8f822af51c6bdd",
          "type": "globalContexts"
        }
      ],
      "codegenVersion": "0.0.1"
    },
    {
      "projectId": "oF7mM9CEBfWYWQRSFqDF3g",
      "version": "latest",
      "dependencies": {
        "ohDidvG9XsCeFumugENU3J": "6.28.0",
        "jkU633o1Cz7HrJdwdxhVHk": "16.13.0",
        "9Vr5YWkf3w7jj6SsTcCEta": "0.13.0",
        "kS7YGZfVr6mU43XDQjXELc": "0.18.0",
        "gmeH6XgPaBtkt51HunAo4g": "18.11.0"
      },
      "lang": "js",
      "fileLocks": [
        {
          "type": "globalVariant",
          "assetId": "1NoYLD3PSaTf",
          "checksum": "2d9e6907699978bc4f088ffa53ed786d"
        },
        {
          "assetId": "oF7mM9CEBfWYWQRSFqDF3g",
          "type": "projectCss",
          "checksum": "b3093981bae454c6286f96ed1c74f75b"
        },
        {
          "assetId": "oF7mM9CEBfWYWQRSFqDF3g",
          "checksum": "64dc45964dc0a9e8ae668b2e3fdc147a",
          "type": "globalContexts"
        },
        {
          "type": "renderModule",
          "assetId": "GimJRAhamXUT",
          "checksum": "0c4a48a98e6eed678669525fb84db54a"
        },
        {
          "type": "cssRules",
          "assetId": "GimJRAhamXUT",
          "checksum": "0c4a48a98e6eed678669525fb84db54a"
        },
        {
          "type": "renderModule",
          "assetId": "EK7JQOoHjVmM",
          "checksum": "a2f1a0797f5906f7a09c4aef6e3b3727"
        },
        {
          "type": "cssRules",
          "assetId": "EK7JQOoHjVmM",
          "checksum": "a2f1a0797f5906f7a09c4aef6e3b3727"
        },
        {
          "type": "renderModule",
          "assetId": "O2_wvXe6dbbS",
          "checksum": "99269d676da292542abcdad14f56b6c6"
        },
        {
          "type": "cssRules",
          "assetId": "O2_wvXe6dbbS",
          "checksum": "99269d676da292542abcdad14f56b6c6"
        },
        {
          "type": "renderModule",
          "assetId": "Ar4P-lqR3Z68",
          "checksum": "725a7d3ee23fa6f47eb89976199447b5"
        },
        {
          "type": "cssRules",
          "assetId": "Ar4P-lqR3Z68",
          "checksum": "725a7d3ee23fa6f47eb89976199447b5"
        },
        {
          "type": "renderModule",
          "assetId": "IEPFHsdHgTtF",
          "checksum": "ec60f61c84785aa4579dd633879984b0"
        },
        {
          "type": "cssRules",
          "assetId": "IEPFHsdHgTtF",
          "checksum": "ec60f61c84785aa4579dd633879984b0"
        },
        {
          "type": "renderModule",
          "assetId": "v1F2R2_j1-Kr",
          "checksum": "28dc8a600527bda05978d1ba2e6cb647"
        },
        {
          "type": "cssRules",
          "assetId": "v1F2R2_j1-Kr",
          "checksum": "28dc8a600527bda05978d1ba2e6cb647"
        },
        {
          "type": "renderModule",
          "assetId": "KzHd36x879xW",
          "checksum": "009838e7f697df25277dfacae8c1d862"
        },
        {
          "type": "cssRules",
          "assetId": "KzHd36x879xW",
          "checksum": "009838e7f697df25277dfacae8c1d862"
        },
        {
          "type": "renderModule",
          "assetId": "IsjRuBP7nl7e",
          "checksum": "ae1db66cd9cf026af2958216e3c912ff"
        },
        {
          "type": "cssRules",
          "assetId": "IsjRuBP7nl7e",
          "checksum": "ae1db66cd9cf026af2958216e3c912ff"
        },
        {
          "type": "renderModule",
          "assetId": "RJiDREO3mZOz",
          "checksum": "55fb5707909c821829d434545e6e3790"
        },
        {
          "type": "cssRules",
          "assetId": "RJiDREO3mZOz",
          "checksum": "55fb5707909c821829d434545e6e3790"
        },
        {
          "type": "renderModule",
          "assetId": "-QA8ZRVjk7lF",
          "checksum": "e2e2a308f39aa3d98972824d008402c1"
        },
        {
          "type": "cssRules",
          "assetId": "-QA8ZRVjk7lF",
          "checksum": "e2e2a308f39aa3d98972824d008402c1"
        },
        {
          "type": "renderModule",
          "assetId": "nNE6Cpv4uo7f",
          "checksum": "5cafbd2d8dc635eeeb4d38e1dbe73010"
        },
        {
          "type": "cssRules",
          "assetId": "nNE6Cpv4uo7f",
          "checksum": "5cafbd2d8dc635eeeb4d38e1dbe73010"
        },
        {
          "type": "renderModule",
          "assetId": "dRNK6tgqCleK",
          "checksum": "827c0705a7776da0166557cdbab3c348"
        },
        {
          "type": "cssRules",
          "assetId": "dRNK6tgqCleK",
          "checksum": "827c0705a7776da0166557cdbab3c348"
        },
        {
          "type": "renderModule",
          "assetId": "n6MR4BUmVqv8",
          "checksum": "0ee246d1927f3835146ff14a9d953dbb"
        },
        {
          "type": "cssRules",
          "assetId": "n6MR4BUmVqv8",
          "checksum": "0ee246d1927f3835146ff14a9d953dbb"
        },
        {
          "type": "icon",
          "assetId": "ZR1oucno4qtV",
          "checksum": "b1fd94e5a130d9888d061fbcecc92cb7"
        },
        {
          "type": "icon",
          "assetId": "wGKMNx5MU9O2",
          "checksum": "8117a466fb6364d70c910e45d87f10f2"
        },
        {
          "type": "image",
          "assetId": "zcIq6twf5Tx0",
          "checksum": "b262f2ed650ce4e9c91602b01f718aa8"
        },
        {
          "type": "image",
          "assetId": "hrW9oARCBkhw",
          "checksum": "5d527cbde2feabe3b36cdba0fcdedcfa"
        },
        {
          "type": "image",
          "assetId": "uZyuqNQKk54T",
          "checksum": "40edb43b69f6e4a52ae25b2f8e53b7b6"
        },
        {
          "type": "image",
          "assetId": "MAlum863Z935",
          "checksum": "5726ad265e1712099dcba9668fb2c128"
        },
        {
          "type": "image",
          "assetId": "2IQjsntBDuFJ",
          "checksum": "65ccec7baef500fe5df33a8865090e65"
        },
        {
          "type": "image",
          "assetId": "HJglPgmzqM4I",
          "checksum": "0b17f4c414cee8ec1c53e353e89a25d5"
        },
        {
          "type": "image",
          "assetId": "xlka3zxlqDGW",
          "checksum": "6c51a1b611bad65de23f488fc425791e"
        },
        {
          "type": "image",
          "assetId": "QBAqCOGIVXbj",
          "checksum": "6d5e3be9211d881fbbd8de020fe40324"
        },
        {
          "type": "image",
          "assetId": "ooT4UlgvYl7G",
          "checksum": "1578dc94368da952c752581d6aba6d47"
        },
        {
          "type": "image",
          "assetId": "1gEv76NNYMVZ",
          "checksum": "6f70729b80715a91cd947592151902ff"
        },
        {
          "type": "image",
          "assetId": "q2F4UHrNgYXk",
          "checksum": "e13a293496d479ec8daf5bb9adb8b132"
        },
        {
          "type": "image",
          "assetId": "RMrjHqo-l5Ny",
          "checksum": "f55de4ce162fac25956b5dbca83051e3"
        },
        {
          "type": "image",
          "assetId": "xTyB_lh4fAJj",
          "checksum": "095832a11ec8b094c8dbc17afc573fe9"
        },
        {
          "type": "image",
          "assetId": "WyFechN3qV0C",
          "checksum": "198ad1439a57abca53b60ae042ff0b3e"
        },
        {
          "type": "image",
          "assetId": "KmDSvUQ_sdg2",
          "checksum": "8315a2553cf61ad61ccb4c90105017d9"
        },
        {
          "type": "image",
          "assetId": "b1Nt4PpHco3r",
          "checksum": "c2bf0a17e6857c95fe643d7359329922"
        }
      ],
      "codegenVersion": "0.0.1"
    }
  ],
  "cliVersion": "0.1.334"
}
